// !$*UTF8*$!
{
	archiveVersion = 1;
	classes = {
	};
	objectVersion = 46;
	objects = {

/* Begin PBXBuildFile section */
		0089BCFE1CEA328E00E91680 /* yellowbg.jpg in Resources */ = {isa = PBXBuildFile; fileRef = 0089BCFD1CEA328E00E91680 /* yellowbg.jpg */; };
		00DAC04C1CCFA181004AD088 /* famous.jpg in Resources */ = {isa = PBXBuildFile; fileRef = 00DAC04B1CCFA181004AD088 /* famous.jpg */; };
		5835A0E61C86AC5B00E3DFC0 /* main.m in Sources */ = {isa = PBXBuildFile; fileRef = 5835A0E51C86AC5B00E3DFC0 /* main.m */; };
		5835A0E91C86AC5B00E3DFC0 /* AppDelegate.m in Sources */ = {isa = PBXBuildFile; fileRef = 5835A0E81C86AC5B00E3DFC0 /* AppDelegate.m */; };
		5835A0EC1C86AC5B00E3DFC0 /* ViewController.m in Sources */ = {isa = PBXBuildFile; fileRef = 5835A0EB1C86AC5B00E3DFC0 /* ViewController.m */; };
		5835A0EF1C86AC5B00E3DFC0 /* Main.storyboard in Resources */ = {isa = PBXBuildFile; fileRef = 5835A0ED1C86AC5B00E3DFC0 /* Main.storyboard */; };
		5835A0F11C86AC5B00E3DFC0 /* Assets.xcassets in Resources */ = {isa = PBXBuildFile; fileRef = 5835A0F01C86AC5B00E3DFC0 /* Assets.xcassets */; };
		5835A0F41C86AC5B00E3DFC0 /* LaunchScreen.storyboard in Resources */ = {isa = PBXBuildFile; fileRef = 5835A0F21C86AC5B00E3DFC0 /* LaunchScreen.storyboard */; };
		5835A10B1C86AE2D00E3DFC0 /* jc_01.jpg in Resources */ = {isa = PBXBuildFile; fileRef = 5835A0FB1C86AE2D00E3DFC0 /* jc_01.jpg */; };
		5835A10C1C86AE2D00E3DFC0 /* jc_02.jpg in Resources */ = {isa = PBXBuildFile; fileRef = 5835A0FC1C86AE2D00E3DFC0 /* jc_02.jpg */; };
		5835A10D1C86AE2D00E3DFC0 /* jc_03.jpg in Resources */ = {isa = PBXBuildFile; fileRef = 5835A0FD1C86AE2D00E3DFC0 /* jc_03.jpg */; };
		5835A10E1C86AE2D00E3DFC0 /* jc_04.jpg in Resources */ = {isa = PBXBuildFile; fileRef = 5835A0FE1C86AE2D00E3DFC0 /* jc_04.jpg */; };
		5835A10F1C86AE2D00E3DFC0 /* jc_05.jpg in Resources */ = {isa = PBXBuildFile; fileRef = 5835A0FF1C86AE2D00E3DFC0 /* jc_05.jpg */; };
		5835A1101C86AE2D00E3DFC0 /* jc_06.jpg in Resources */ = {isa = PBXBuildFile; fileRef = 5835A1001C86AE2D00E3DFC0 /* jc_06.jpg */; };
		5835A1111C86AE2D00E3DFC0 /* jc_07.jpg in Resources */ = {isa = PBXBuildFile; fileRef = 5835A1011C86AE2D00E3DFC0 /* jc_07.jpg */; };
		5835A1121C86AE2D00E3DFC0 /* jc_08.jpg in Resources */ = {isa = PBXBuildFile; fileRef = 5835A1021C86AE2D00E3DFC0 /* jc_08.jpg */; };
		5835A1131C86AE2D00E3DFC0 /* jc_09.jpg in Resources */ = {isa = PBXBuildFile; fileRef = 5835A1031C86AE2D00E3DFC0 /* jc_09.jpg */; };
		5835A1141C86AE2D00E3DFC0 /* jc_10.jpg in Resources */ = {isa = PBXBuildFile; fileRef = 5835A1041C86AE2D00E3DFC0 /* jc_10.jpg */; };
		5835A1151C86AE2D00E3DFC0 /* jc_11.jpg in Resources */ = {isa = PBXBuildFile; fileRef = 5835A1051C86AE2D00E3DFC0 /* jc_11.jpg */; };
		5835A1161C86AE2D00E3DFC0 /* jc_12.jpg in Resources */ = {isa = PBXBuildFile; fileRef = 5835A1061C86AE2D00E3DFC0 /* jc_12.jpg */; };
		5835A1171C86AE2D00E3DFC0 /* jc_13.jpg in Resources */ = {isa = PBXBuildFile; fileRef = 5835A1071C86AE2D00E3DFC0 /* jc_13.jpg */; };
		5835A1181C86AE2D00E3DFC0 /* jc_14.jpg in Resources */ = {isa = PBXBuildFile; fileRef = 5835A1081C86AE2D00E3DFC0 /* jc_14.jpg */; };
		5835A1191C86AE2D00E3DFC0 /* jc_15.jpg in Resources */ = {isa = PBXBuildFile; fileRef = 5835A1091C86AE2D00E3DFC0 /* jc_15.jpg */; };
		5835A11A1C86AE2D00E3DFC0 /* jc_16.jpg in Resources */ = {isa = PBXBuildFile; fileRef = 5835A10A1C86AE2D00E3DFC0 /* jc_16.jpg */; };
/* End PBXBuildFile section */

/* Begin PBXFileReference section */
		0089BCFD1CEA328E00E91680 /* yellowbg.jpg */ = {isa = PBXFileReference; lastKnownFileType = image.jpeg; path = yellowbg.jpg; sourceTree = "<group>"; };
		00DAC04B1CCFA181004AD088 /* famous.jpg */ = {isa = PBXFileReference; lastKnownFileType = image.jpeg; path = famous.jpg; sourceTree = "<group>"; };
		5835A0E11C86AC5B00E3DFC0 /* 15puzzle.app */ = {isa = PBXFileReference; explicitFileType = wrapper.application; includeInIndex = 0; path = 15puzzle.app; sourceTree = BUILT_PRODUCTS_DIR; };
		5835A0E51C86AC5B00E3DFC0 /* main.m */ = {isa = PBXFileReference; lastKnownFileType = sourcecode.c.objc; path = main.m; sourceTree = "<group>"; };
		5835A0E71C86AC5B00E3DFC0 /* AppDelegate.h */ = {isa = PBXFileReference; lastKnownFileType = sourcecode.c.h; path = AppDelegate.h; sourceTree = "<group>"; };
		5835A0E81C86AC5B00E3DFC0 /* AppDelegate.m */ = {isa = PBXFileReference; lastKnownFileType = sourcecode.c.objc; path = AppDelegate.m; sourceTree = "<group>"; };
		5835A0EA1C86AC5B00E3DFC0 /* ViewController.h */ = {isa = PBXFileReference; lastKnownFileType = sourcecode.c.h; path = ViewController.h; sourceTree = "<group>"; };
		5835A0EB1C86AC5B00E3DFC0 /* ViewController.m */ = {isa = PBXFileReference; lastKnownFileType = sourcecode.c.objc; path = ViewController.m; sourceTree = "<group>"; };
		5835A0EE1C86AC5B00E3DFC0 /* Base */ = {isa = PBXFileReference; lastKnownFileType = file.storyboard; name = Base; path = Base.lproj/Main.storyboard; sourceTree = "<group>"; };
		5835A0F01C86AC5B00E3DFC0 /* Assets.xcassets */ = {isa = PBXFileReference; lastKnownFileType = folder.assetcatalog; path = Assets.xcassets; sourceTree = "<group>"; };
		5835A0F31C86AC5B00E3DFC0 /* Base */ = {isa = PBXFileReference; lastKnownFileType = file.storyboard; name = Base; path = Base.lproj/LaunchScreen.storyboard; sourceTree = "<group>"; };
		5835A0F51C86AC5B00E3DFC0 /* Info.plist */ = {isa = PBXFileReference; lastKnownFileType = text.plist.xml; path = Info.plist; sourceTree = "<group>"; };
		5835A0FB1C86AE2D00E3DFC0 /* jc_01.jpg */ = {isa = PBXFileReference; lastKnownFileType = image.jpeg; path = jc_01.jpg; sourceTree = "<group>"; };
		5835A0FC1C86AE2D00E3DFC0 /* jc_02.jpg */ = {isa = PBXFileReference; lastKnownFileType = image.jpeg; path = jc_02.jpg; sourceTree = "<group>"; };
		5835A0FD1C86AE2D00E3DFC0 /* jc_03.jpg */ = {isa = PBXFileReference; lastKnownFileType = image.jpeg; path = jc_03.jpg; sourceTree = "<group>"; };
		5835A0FE1C86AE2D00E3DFC0 /* jc_04.jpg */ = {isa = PBXFileReference; lastKnownFileType = image.jpeg; path = jc_04.jpg; sourceTree = "<group>"; };
		5835A0FF1C86AE2D00E3DFC0 /* jc_05.jpg */ = {isa = PBXFileReference; lastKnownFileType = image.jpeg; path = jc_05.jpg; sourceTree = "<group>"; };
		5835A1001C86AE2D00E3DFC0 /* jc_06.jpg */ = {isa = PBXFileReference; lastKnownFileType = image.jpeg; path = jc_06.jpg; sourceTree = "<group>"; };
		5835A1011C86AE2D00E3DFC0 /* jc_07.jpg */ = {isa = PBXFileReference; lastKnownFileType = image.jpeg; path = jc_07.jpg; sourceTree = "<group>"; };
		5835A1021C86AE2D00E3DFC0 /* jc_08.jpg */ = {isa = PBXFileReference; lastKnownFileType = image.jpeg; path = jc_08.jpg; sourceTree = "<group>"; };
		5835A1031C86AE2D00E3DFC0 /* jc_09.jpg */ = {isa = PBXFileReference; lastKnownFileType = image.jpeg; path = jc_09.jpg; sourceTree = "<group>"; };
		5835A1041C86AE2D00E3DFC0 /* jc_10.jpg */ = {isa = PBXFileReference; lastKnownFileType = image.jpeg; path = jc_10.jpg; sourceTree = "<group>"; };
		5835A1051C86AE2D00E3DFC0 /* jc_11.jpg */ = {isa = PBXFileReference; lastKnownFileType = image.jpeg; path = jc_11.jpg; sourceTree = "<group>"; };
		5835A1061C86AE2D00E3DFC0 /* jc_12.jpg */ = {isa = PBXFileReference; lastKnownFileType = image.jpeg; path = jc_12.jpg; sourceTree = "<group>"; };
		5835A1071C86AE2D00E3DFC0 /* jc_13.jpg */ = {isa = PBXFileReference; lastKnownFileType = image.jpeg; path = jc_13.jpg; sourceTree = "<group>"; };
		5835A1081C86AE2D00E3DFC0 /* jc_14.jpg */ = {isa = PBXFileReference; lastKnownFileType = image.jpeg; path = jc_14.jpg; sourceTree = "<group>"; };
		5835A1091C86AE2D00E3DFC0 /* jc_15.jpg */ = {isa = PBXFileReference; lastKnownFileType = image.jpeg; path = jc_15.jpg; sourceTree = "<group>"; };
		5835A10A1C86AE2D00E3DFC0 /* jc_16.jpg */ = {isa = PBXFileReference; lastKnownFileType = image.jpeg; path = jc_16.jpg; sourceTree = "<group>"; };
/* End PBXFileReference section */

/* Begin PBXFrameworksBuildPhase section */
		5835A0DE1C86AC5B00E3DFC0 /* Frameworks */ = {
			isa = PBXFrameworksBuildPhase;
			buildActionMask = 2147483647;
			files = (
			);
			runOnlyForDeploymentPostprocessing = 0;
		};
/* End PBXFrameworksBuildPhase section */

/* Begin PBXGroup section */
		5835A0D81C86AC5B00E3DFC0 = {
			isa = PBXGroup;
			children = (
				5835A0E31C86AC5B00E3DFC0 /* 15puzzle */,
				5835A0E21C86AC5B00E3DFC0 /* Products */,
			);
			sourceTree = "<group>";
		};
		5835A0E21C86AC5B00E3DFC0 /* Products */ = {
			isa = PBXGroup;
			children = (
				5835A0E11C86AC5B00E3DFC0 /* 15puzzle.app */,
			);
			name = Products;
			sourceTree = "<group>";
		};
		5835A0E31C86AC5B00E3DFC0 /* 15puzzle */ = {
			isa = PBXGroup;
			children = (
				5835A0FB1C86AE2D00E3DFC0 /* jc_01.jpg */,
				5835A0FC1C86AE2D00E3DFC0 /* jc_02.jpg */,
				5835A0FD1C86AE2D00E3DFC0 /* jc_03.jpg */,
				5835A0FE1C86AE2D00E3DFC0 /* jc_04.jpg */,
				5835A0FF1C86AE2D00E3DFC0 /* jc_05.jpg */,
				5835A1001C86AE2D00E3DFC0 /* jc_06.jpg */,
				5835A1011C86AE2D00E3DFC0 /* jc_07.jpg */,
				5835A1021C86AE2D00E3DFC0 /* jc_08.jpg */,
				5835A1031C86AE2D00E3DFC0 /* jc_09.jpg */,
				5835A1041C86AE2D00E3DFC0 /* jc_10.jpg */,
				5835A1051C86AE2D00E3DFC0 /* jc_11.jpg */,
				5835A1061C86AE2D00E3DFC0 /* jc_12.jpg */,
				5835A1071C86AE2D00E3DFC0 /* jc_13.jpg */,
				5835A1081C86AE2D00E3DFC0 /* jc_14.jpg */,
				5835A1091C86AE2D00E3DFC0 /* jc_15.jpg */,
				5835A10A1C86AE2D00E3DFC0 /* jc_16.jpg */,
				00DAC04B1CCFA181004AD088 /* famous.jpg */,
				0089BCFD1CEA328E00E91680 /* yellowbg.jpg */,
				5835A0E71C86AC5B00E3DFC0 /* AppDelegate.h */,
				5835A0E81C86AC5B00E3DFC0 /* AppDelegate.m */,
				5835A0EA1C86AC5B00E3DFC0 /* ViewController.h */,
				5835A0EB1C86AC5B00E3DFC0 /* ViewController.m */,
				5835A0ED1C86AC5B00E3DFC0 /* Main.storyboard */,
				5835A0F01C86AC5B00E3DFC0 /* Assets.xcassets */,
				5835A0F21C86AC5B00E3DFC0 /* LaunchScreen.storyboard */,
				5835A0F51C86AC5B00E3DFC0 /* Info.plist */,
				5835A0E41C86AC5B00E3DFC0 /* Supporting Files */,
			);
			path = 15puzzle;
			sourceTree = "<group>";
		};
		5835A0E41C86AC5B00E3DFC0 /* Supporting Files */ = {
			isa = PBXGroup;
			children = (
				5835A0E51C86AC5B00E3DFC0 /* main.m */,
			);
			name = "Supporting Files";
			sourceTree = "<group>";
		};
/* End PBXGroup section */

/* Begin PBXNativeTarget section */
		5835A0E01C86AC5B00E3DFC0 /* 15puzzle */ = {
			isa = PBXNativeTarget;
			buildConfigurationList = 5835A0F81C86AC5B00E3DFC0 /* Build configuration list for PBXNativeTarget "15puzzle" */;
			buildPhases = (
				5835A0DD1C86AC5B00E3DFC0 /* Sources */,
				5835A0DE1C86AC5B00E3DFC0 /* Frameworks */,
				5835A0DF1C86AC5B00E3DFC0 /* Resources */,
			);
			buildRules = (
			);
			dependencies = (
			);
			name = 15puzzle;
			productName = 15puzzle;
			productReference = 5835A0E11C86AC5B00E3DFC0 /* 15puzzle.app */;
			productType = "com.apple.product-type.application";
		};
/* End PBXNativeTarget section */

/* Begin PBXProject section */
		5835A0D91C86AC5B00E3DFC0 /* Project object */ = {
			isa = PBXProject;
			attributes = {
				LastUpgradeCheck = 0720;
				ORGANIZATIONNAME = "王倩－mac";
				TargetAttributes = {
					5835A0E01C86AC5B00E3DFC0 = {
						CreatedOnToolsVersion = 7.2;
						DevelopmentTeam = 3S6F8ZWKBR;
					};
				};
			};
			buildConfigurationList = 5835A0DC1C86AC5B00E3DFC0 /* Build configuration list for PBXProject "15puzzle" */;
			compatibilityVersion = "Xcode 3.2";
			developmentRegion = English;
			hasScannedForEncodings = 0;
			knownRegions = (
				en,
				Base,
			);
			mainGroup = 5835A0D81C86AC5B00E3DFC0;
			productRefGroup = 5835A0E21C86AC5B00E3DFC0 /* Products */;
			projectDirPath = "";
			projectRoot = "";
			targets = (
				5835A0E01C86AC5B00E3DFC0 /* 15puzzle */,
			);
		};
/* End PBXProject section */

/* Begin PBXResourcesBuildPhase section */
		5835A0DF1C86AC5B00E3DFC0 /* Resources */ = {
			isa = PBXResourcesBuildPhase;
			buildActionMask = 2147483647;
			files = (
				5835A0F41C86AC5B00E3DFC0 /* LaunchScreen.storyboard in Resources */,
				5835A10F1C86AE2D00E3DFC0 /* jc_05.jpg in Resources */,
				5835A10E1C86AE2D00E3DFC0 /* jc_04.jpg in Resources */,
				5835A1161C86AE2D00E3DFC0 /* jc_12.jpg in Resources */,
				5835A1121C86AE2D00E3DFC0 /* jc_08.jpg in Resources */,
				5835A1151C86AE2D00E3DFC0 /* jc_11.jpg in Resources */,
				5835A1191C86AE2D00E3DFC0 /* jc_15.jpg in Resources */,
				5835A1111C86AE2D00E3DFC0 /* jc_07.jpg in Resources */,
				00DAC04C1CCFA181004AD088 /* famous.jpg in Resources */,
				5835A10B1C86AE2D00E3DFC0 /* jc_01.jpg in Resources */,
				5835A1171C86AE2D00E3DFC0 /* jc_13.jpg in Resources */,
				5835A11A1C86AE2D00E3DFC0 /* jc_16.jpg in Resources */,
				5835A0F11C86AC5B00E3DFC0 /* Assets.xcassets in Resources */,
				5835A10D1C86AE2D00E3DFC0 /* jc_03.jpg in Resources */,
				5835A1101C86AE2D00E3DFC0 /* jc_06.jpg in Resources */,
				5835A1181C86AE2D00E3DFC0 /* jc_14.jpg in Resources */,
				5835A1141C86AE2D00E3DFC0 /* jc_10.jpg in Resources */,
				5835A1131C86AE2D00E3DFC0 /* jc_09.jpg in Resources */,
				5835A10C1C86AE2D00E3DFC0 /* jc_02.jpg in Resources */,
				5835A0EF1C86AC5B00E3DFC0 /* Main.storyboard in Resources */,
				0089BCFE1CEA328E00E91680 /* yellowbg.jpg in Resources */,
			);
			runOnlyForDeploymentPostprocessing = 0;
		};
/* End PBXResourcesBuildPhase section */

/* Begin PBXSourcesBuildPhase section */
		5835A0DD1C86AC5B00E3DFC0 /* Sources */ = {
			isa = PBXSourcesBuildPhase;
			buildActionMask = 2147483647;
			files = (
				5835A0EC1C86AC5B00E3DFC0 /* ViewController.m in Sources */,
				5835A0E91C86AC5B00E3DFC0 /* AppDelegate.m in Sources */,
				5835A0E61C86AC5B00E3DFC0 /* main.m in Sources */,
			);
			runOnlyForDeploymentPostprocessing = 0;
		};
/* End PBXSourcesBuildPhase section */

/* Begin PBXVariantGroup section */
		5835A0ED1C86AC5B00E3DFC0 /* Main.storyboard */ = {
			isa = PBXVariantGroup;
			children = (
				5835A0EE1C86AC5B00E3DFC0 /* Base */,
			);
			name = Main.storyboard;
			sourceTree = "<group>";
		};
		5835A0F21C86AC5B00E3DFC0 /* LaunchScreen.storyboard */ = {
			isa = PBXVariantGroup;
			children = (
				5835A0F31C86AC5B00E3DFC0 /* Base */,
			);
			name = LaunchScreen.storyboard;
			sourceTree = "<group>";
		};
/* End PBXVariantGroup section */

/* Begin XCBuildConfiguration section */
		5835A0F61C86AC5B00E3DFC0 /* Debug */ = {
			isa = XCBuildConfiguration;
			buildSettings = {
				ALWAYS_SEARCH_USER_PATHS = NO;
				CLANG_CXX_LANGUAGE_STANDARD = "gnu++0x";
				CLANG_CXX_LIBRARY = "libc++";
				CLANG_ENABLE_MODULES = YES;
				CLANG_ENABLE_OBJC_ARC = YES;
				CLANG_WARN_BOOL_CONVERSION = YES;
				CLANG_WARN_CONSTANT_CONVERSION = YES;
				CLANG_WARN_DIRECT_OBJC_ISA_USAGE = YES_ERROR;
				CLANG_WARN_EMPTY_BODY = YES;
				CLANG_WARN_ENUM_CONVERSION = YES;
				CLANG_WARN_INT_CONVERSION = YES;
				CLANG_WARN_OBJC_ROOT_CLASS = YES_ERROR;
				CLANG_WARN_UNREACHABLE_CODE = YES;
				CLANG_WARN__DUPLICATE_METHOD_MATCH = YES;
				"CODE_SIGN_IDENTITY[sdk=iphoneos*]" = "iPhone Developer";
				COPY_PHASE_STRIP = NO;
				DEBUG_INFORMATION_FORMAT = dwarf;
				ENABLE_STRICT_OBJC_MSGSEND = YES;
				ENABLE_TESTABILITY = YES;
				GCC_C_LANGUAGE_STANDARD = gnu99;
				GCC_DYNAMIC_NO_PIC = NO;
				GCC_NO_COMMON_BLOCKS = YES;
				GCC_OPTIMIZATION_LEVEL = 0;
				GCC_PREPROCESSOR_DEFINITIONS = (
					"DEBUG=1",
					"$(inherited)",
				);
				GCC_WARN_64_TO_32_BIT_CONVERSION = YES;
				GCC_WARN_ABOUT_RETURN_TYPE = YES_ERROR;
				GCC_WARN_UNDECLARED_SELECTOR = YES;
				GCC_WARN_UNINITIALIZED_AUTOS = YES_AGGRESSIVE;
				GCC_WARN_UNUSED_FUNCTION = YES;
				GCC_WARN_UNUSED_VARIABLE = YES;
				IPHONEOS_DEPLOYMENT_TARGET = 9.0;
				MTL_ENABLE_DEBUG_INFO = YES;
				ONLY_ACTIVE_ARCH = YES;
				SDKROOT = iphoneos;
			};
			name = Debug;
		};
		5835A0F71C86AC5B00E3DFC0 /* Release */ = {
			isa = XCBuildConfiguration;
			buildSettings = {
				ALWAYS_SEARCH_USER_PATHS = NO;
				CLANG_CXX_LANGUAGE_STANDARD = "gnu++0x";
				CLANG_CXX_LIBRARY = "libc++";
				CLANG_ENABLE_MODULES = YES;
				CLANG_ENABLE_OBJC_ARC = YES;
				CLANG_WARN_BOOL_CONVERSION = YES;
				CLANG_WARN_CONSTANT_CONVERSION = YES;
				CLANG_WARN_DIRECT_OBJC_ISA_USAGE = YES_ERROR;
				CLANG_WARN_EMPTY_BODY = YES;
				CLANG_WARN_ENUM_CONVERSION = YES;
				CLANG_WARN_INT_CONVERSION = YES;
				CLANG_WARN_OBJC_ROOT_CLASS = YES_ERROR;
				CLANG_WARN_UNREACHABLE_CODE = YES;
				CLANG_WARN__DUPLICATE_METHOD_MATCH = YES;
				"CODE_SIGN_IDENTITY[sdk=iphoneos*]" = "iPhone Developer";
				COPY_PHASE_STRIP = NO;
				DEBUG_INFORMATION_FORMAT = "dwarf-with-dsym";
				ENABLE_NS_ASSERTIONS = NO;
				ENABLE_STRICT_OBJC_MSGSEND = YES;
				GCC_C_LANGUAGE_STANDARD = gnu99;
				GCC_NO_COMMON_BLOCKS = YES;
				GCC_WARN_64_TO_32_BIT_CONVERSION = YES;
				GCC_WARN_ABOUT_RETURN_TYPE = YES_ERROR;
				GCC_WARN_UNDECLARED_SELECTOR = YES;
				GCC_WARN_UNINITIALIZED_AUTOS = YES_AGGRESSIVE;
				GCC_WARN_UNUSED_FUNCTION = YES;
				GCC_WARN_UNUSED_VARIABLE = YES;
				IPHONEOS_DEPLOYMENT_TARGET = 9.0;
				MTL_ENABLE_DEBUG_INFO = NO;
				SDKROOT = iphoneos;
				VALIDATE_PRODUCT = YES;
			};
			name = Release;
		};
		5835A0F91C86AC5B00E3DFC0 /* Debug */ = {
			isa = XCBuildConfiguration;
			buildSettings = {
				ASSETCATALOG_COMPILER_APPICON_NAME = AppIcon;
				CODE_SIGN_IDENTITY = "iPhone Developer";
				"CODE_SIGN_IDENTITY[sdk=iphoneos*]" = "iPhone Developer";
				INFOPLIST_FILE = 15puzzle/Info.plist;
				LD_RUNPATH_SEARCH_PATHS = "$(inherited) @executable_path/Frameworks";
				PRODUCT_BUNDLE_IDENTIFIER = "Lydia.-5puzzle";
				PRODUCT_NAME = "$(TARGET_NAME)";
				PROVISIONING_PROFILE = "";
			};
			name = Debug;
		};
		5835A0FA1C86AC5B00E3DFC0 /* Release */ = {
			isa = XCBuildConfiguration;
			buildSettings = {
				ASSETCATALOG_COMPILER_APPICON_NAME = AppIcon;
				CODE_SIGN_IDENTITY = "iPhone Developer";
				"CODE_SIGN_IDENTITY[sdk=iphoneos*]" = "iPhone Developer";
				INFOPLIST_FILE = 15puzzle/Info.plist;
				LD_RUNPATH_SEARCH_PATHS = "$(inherited) @executable_path/Frameworks";
				PRODUCT_BUNDLE_IDENTIFIER = "Lydia.-5puzzle";
				PRODUCT_NAME = "$(TARGET_NAME)";
				PROVISIONING_PROFILE = "";
			};
			name = Release;
		};
/* End XCBuildConfiguration section */

/* Begin XCConfigurationList section */
		5835A0DC1C86AC5B00E3DFC0 /* Build configuration list for PBXProject "15puzzle" */ = {
			isa = XCConfigurationList;
			buildConfigurations = (
				5835A0F61C86AC5B00E3DFC0 /* Debug */,
				5835A0F71C86AC5B00E3DFC0 /* Release */,
			);
			defaultConfigurationIsVisible = 0;
			defaultConfigurationName = Release;
		};
		5835A0F81C86AC5B00E3DFC0 /* Build configuration list for PBXNativeTarget "15puzzle" */ = {
			isa = XCConfigurationList;
			buildConfigurations = (
				5835A0F91C86AC5B00E3DFC0 /* Debug */,
				5835A0FA1C86AC5B00E3DFC0 /* Release */,
			);
			defaultConfigurationIsVisible = 0;
			defaultConfigurationName = Release;
		};
/* End XCConfigurationList section */
	};
	rootObject = 5835A0D91C86AC5B00E3DFC0 /* Project object */;
}
